
Microsoft Visual Studio Solution File, Format Version 12.00
# Visual Studio 15
VisualStudioVersion = 15.0.28010.2036
MinimumVisualStudioVersion = 10.0.40219.1
Project("{FAE04EC0-301F-11D3-BF4B-00C04F79EFBC}") = "AnushreeDairy", "AnushreeDairy\AnushreeDairy.csproj", "{736CFBF1-9071-44CE-B83F-A6CCB5C78748}"
EndProject
Global
	GlobalSection(SolutionConfigurationPlatforms) = preSolution
		Debug|Any CPU = Debug|Any CPU
		Release|Any CPU = Release|Any CPU
	EndGlobalSection
	GlobalSection(ProjectConfigurationPlatforms) = postSolution
		{736CFBF1-9071-44CE-B83F-A6CCB5C78748}.Debug|Any CPU.ActiveCfg = Debug|Any CPU
		{736CFBF1-9071-44CE-B83F-A6CCB5C78748}.Debug|Any CPU.Build.0 = Debug|Any CPU
		{736CFBF1-9071-44CE-B83F-A6CCB5C78748}.Release|Any CPU.ActiveCfg = Release|Any CPU
		{736CFBF1-9071-44CE-B83F-A6CCB5C78748}.Release|Any CPU.Build.0 = Release|Any CPU
	EndGlobalSection
	GlobalSection(SolutionProperties) = preSolution
		HideSolutionNode = FALSE
	EndGlobalSection
	GlobalSection(ExtensibilityGlobals) = postSolution
		SolutionGuid = {3699D6B4-BD34-4BB3-9E16-42F7F05A88E2}
	EndGlobalSection
EndGlobal
